
Microsoft Visual Studio Solution File, Format Version 12.00
# Visual Studio 15
VisualStudioVersion = 15.0.27130.2003
MinimumVisualStudioVersion = 10.0.40219.1
Project("{FAE04EC0-301F-11D3-BF4B-00C04F79EFBC}") = "WpfApp2", "WpfApp2\WpfApp2.csproj", "{1B2EB34D-B517-4449-86E3-C546806322DB}"
EndProject
Global
	GlobalSection(SolutionConfigurationPlatforms) = preSolution
		Debug|Any CPU = Debug|Any CPU
		Release|Any CPU = Release|Any CPU
	EndGlobalSection
	GlobalSection(ProjectConfigurationPlatforms) = postSolution
		{1B2EB34D-B517-4449-86E3-C546806322DB}.Debug|Any CPU.ActiveCfg = Debug|Any CPU
		{1B2EB34D-B517-4449-86E3-C546806322DB}.Debug|Any CPU.Build.0 = Debug|Any CPU
		{1B2EB34D-B517-4449-86E3-C546806322DB}.Release|Any CPU.ActiveCfg = Release|Any CPU
		{1B2EB34D-B517-4449-86E3-C546806322DB}.Release|Any CPU.Build.0 = Release|Any CPU
	EndGlobalSection
	GlobalSection(SolutionProperties) = preSolution
		HideSolutionNode = FALSE
	EndGlobalSection
	GlobalSection(ExtensibilityGlobals) = postSolution
		SolutionGuid = {8DE7DEF9-D479-443B-AEC0-0EED3332C390}
	EndGlobalSection
EndGlobal
